{
  "requires": true,
  "lockfileVersion": 1,
  "dependencies": {
    "@sa11y/assert": {
      "version": "0.1.4-beta.0",
      "resolved": "https://registry.npmjs.org/@sa11y/assert/-/assert-0.1.4-beta.0.tgz",
      "integrity": "sha512-UO+8fiKHaUZiEbcD81GeNidEOvsgMMzUqAsqM1dNe7vL8Te1KW1k9hxk4nvvjU/1WEvGJNWi15fH+O6Srr0Hrg==",
      "dev": true,
      "requires": {
        "@sa11y/common": "0.2.1-beta.0",
        "@sa11y/format": "0.2.2-beta.0",
        "@sa11y/preset-rules": "0.2.1-beta.0",
        "axe-core": "4.0.2"
      }
    },
    "@sa11y/common": {
      "version": "0.2.1-beta.0",
      "resolved": "https://registry.npmjs.org/@sa11y/common/-/common-0.2.1-beta.0.tgz",
      "integrity": "sha512-jjVfXAeNkoXHUmAxcIOoT/sPv/WvM+0k0kiASjgszdWPlLtFTRzRwDRjoP8LmSZ9lHPnhnWYLN1yQFPObQ7Pdw==",
      "dev": true,
      "requires": {
        "axe-core": "4.0.2"
      }
    },
    "@sa11y/format": {
      "version": "0.2.2-beta.0",
      "resolved": "https://registry.npmjs.org/@sa11y/format/-/format-0.2.2-beta.0.tgz",
      "integrity": "sha512-uv6gMunp+UBvcwEqhVdXzixC2/VVvIxro3EN15I+tKr2M8KJYFxRkPAIDJmng3ea32kW5dGHYhpGh7gt1OTxkA==",
      "dev": true,
      "requires": {
        "axe-core": "4.0.2"
      }
    },
    "@sa11y/jest": {
      "version": "0.1.4-beta.0",
      "resolved": "https://registry.npmjs.org/@sa11y/jest/-/jest-0.1.4-beta.0.tgz",
      "integrity": "sha512-ocGi3XK+IWhPhrcjppIELMLMz350J8fVSp7VQ2QDGFLnjb/NiAEKh4rra2JpMevy7ur6RRu2AnY/jbstHIiVcg==",
      "dev": true,
      "requires": {
        "@sa11y/assert": "0.1.4-beta.0",
        "@sa11y/format": "0.2.2-beta.0",
        "@sa11y/preset-rules": "0.2.1-beta.0",
        "jest-matcher-utils": "^26.4.2"
      },
      "dependencies": {
        "@jest/types": {
          "version": "26.6.1",
          "resolved": "https://registry.npmjs.org/@jest/types/-/types-26.6.1.tgz",
          "integrity": "sha512-ywHavIKNpAVrStiRY5wiyehvcktpijpItvGiK72RAn5ctqmzvPk8OvKnvHeBqa1XdQr959CTWAJMqxI8BTibyg==",
          "dev": true,
          "requires": {
            "@types/istanbul-lib-coverage": "^2.0.0",
            "@types/istanbul-reports": "^3.0.0",
            "@types/node": "*",
            "@types/yargs": "^15.0.0",
            "chalk": "^4.0.0"
          }
        },
        "@types/istanbul-reports": {
          "version": "3.0.0",
          "resolved": "https://registry.npmjs.org/@types/istanbul-reports/-/istanbul-reports-3.0.0.tgz",
          "integrity": "sha512-nwKNbvnwJ2/mndE9ItP/zc2TCzw6uuodnF4EHYWD+gCQDVBuRQL5UzbZD0/ezy1iKsFU2ZQiDqg4M9dN4+wZgA==",
          "dev": true,
          "requires": {
            "@types/istanbul-lib-report": "*"
          }
        },
        "chalk": {
          "version": "4.1.0",
          "resolved": "https://registry.npmjs.org/chalk/-/chalk-4.1.0.tgz",
          "integrity": "sha512-qwx12AxXe2Q5xQ43Ac//I6v5aXTipYrSESdOgzrN+9XjgEpyjpKuvSGaN4qE93f7TQTlerQQ8S+EQ0EyDoVL1A==",
          "dev": true,
          "requires": {
            "ansi-styles": "^4.1.0",
            "supports-color": "^7.1.0"
          }
        },
        "diff-sequences": {
          "version": "26.5.0",
          "resolved": "https://registry.npmjs.org/diff-sequences/-/diff-sequences-26.5.0.tgz",
          "integrity": "sha512-ZXx86srb/iYy6jG71k++wBN9P9J05UNQ5hQHQd9MtMPvcqXPx/vKU69jfHV637D00Q2gSgPk2D+jSx3l1lDW/Q==",
          "dev": true
        },
        "jest-diff": {
          "version": "26.6.1",
          "resolved": "https://registry.npmjs.org/jest-diff/-/jest-diff-26.6.1.tgz",
          "integrity": "sha512-BBNy/zin2m4kG5In126O8chOBxLLS/XMTuuM2+YhgyHk87ewPzKTuTJcqj3lOWOi03NNgrl+DkMeV/exdvG9gg==",
          "dev": true,
          "requires": {
            "chalk": "^4.0.0",
            "diff-sequences": "^26.5.0",
            "jest-get-type": "^26.3.0",
            "pretty-format": "^26.6.1"
          }
        },
        "jest-get-type": {
          "version": "26.3.0",
          "resolved": "https://registry.npmjs.org/jest-get-type/-/jest-get-type-26.3.0.tgz",
          "integrity": "sha512-TpfaviN1R2pQWkIihlfEanwOXK0zcxrKEE4MlU6Tn7keoXdN6/3gK/xl0yEh8DOunn5pOVGKf8hB4R9gVh04ig==",
          "dev": true
        },
        "jest-matcher-utils": {
          "version": "26.6.1",
          "resolved": "https://registry.npmjs.org/jest-matcher-utils/-/jest-matcher-utils-26.6.1.tgz",
          "integrity": "sha512-9iu3zrsYlUnl8pByhREF9rr5eYoiEb1F7ymNKg6lJr/0qD37LWS5FSW/JcoDl8UdMX2+zAzabDs7sTO+QFKjCg==",
          "dev": true,
          "requires": {
            "chalk": "^4.0.0",
            "jest-diff": "^26.6.1",
            "jest-get-type": "^26.3.0",
            "pretty-format": "^26.6.1"
          }
        },
        "pretty-format": {
          "version": "26.6.1",
          "resolved": "https://registry.npmjs.org/pretty-format/-/pretty-format-26.6.1.tgz",
          "integrity": "sha512-MeqqsP5PYcRBbGMvwzsyBdmAJ4EFX7pWFyl7x4+dMVg5pE0ZDdBIvEH2ergvIO+Gvwv1wh64YuOY9y5LuyY/GA==",
          "dev": true,
          "requires": {
            "@jest/types": "^26.6.1",
            "ansi-regex": "^5.0.0",
            "ansi-styles": "^4.0.0",
            "react-is": "^17.0.1"
          }
        },
        "react-is": {
          "version": "17.0.1",
          "resolved": "https://registry.npmjs.org/react-is/-/react-is-17.0.1.tgz",
          "integrity": "sha512-NAnt2iGDXohE5LI7uBnLnqvLQMtzhkiAOLXTmv+qnF9Ky7xAPcX8Up/xWIhxvLVGJvuLiNc4xQLtuqDRzb4fSA==",
          "dev": true
        }
      }
    },
    "@sa11y/preset-rules": {
      "version": "0.2.1-beta.0",
      "resolved": "https://registry.npmjs.org/@sa11y/preset-rules/-/preset-rules-0.2.1-beta.0.tgz",
      "integrity": "sha512-IkWwkz5bSG19gqMamDCgm759RNmcvwY5qkWyepq+T8HsBkT3mxRc6rHco3eTd0N9XKjTNUsARcoFgJdLu19kYQ==",
      "dev": true,
      "requires": {
        "axe-core": "4.0.2"
      }
    },
    "@types/istanbul-lib-coverage": {
      "version": "2.0.3",
      "resolved": "https://registry.npmjs.org/@types/istanbul-lib-coverage/-/istanbul-lib-coverage-2.0.3.tgz",
      "integrity": "sha512-sz7iLqvVUg1gIedBOvlkxPlc8/uVzyS5OwGz1cKjXzkl3FpL3al0crU8YGU1WoHkxn0Wxbw5tyi6hvzJKNzFsw==",
      "dev": true
    },
    "@types/istanbul-lib-report": {
      "version": "3.0.0",
      "resolved": "https://registry.npmjs.org/@types/istanbul-lib-report/-/istanbul-lib-report-3.0.0.tgz",
      "integrity": "sha512-plGgXAPfVKFoYfa9NpYDAkseG+g6Jr294RqeqcqDixSbU34MZVJRi/P+7Y8GDpzkEwLaGZZOpKIEmeVZNtKsrg==",
      "dev": true,
      "requires": {
        "@types/istanbul-lib-coverage": "*"
      }
    },
    "@types/node": {
      "version": "14.6.0",
      "resolved": "https://registry.npmjs.org/@types/node/-/node-14.6.0.tgz",
      "integrity": "sha512-mikldZQitV94akrc4sCcSjtJfsTKt4p+e/s0AGscVA6XArQ9kFclP+ZiYUMnq987rc6QlYxXv/EivqlfSLxpKA==",
      "dev": true
    },
    "@types/yargs": {
      "version": "15.0.7",
      "resolved": "https://registry.npmjs.org/@types/yargs/-/yargs-15.0.7.tgz",
      "integrity": "sha512-Gf4u3EjaPNcC9cTu4/j2oN14nSVhr8PQ+BvBcBQHAhDZfl0bVIiLgvnRXv/dn58XhTm9UXvBpvJpDlwV65QxOA==",
      "dev": true,
      "requires": {
        "@types/yargs-parser": "*"
      }
    },
    "@types/yargs-parser": {
      "version": "15.0.0",
      "resolved": "https://registry.npmjs.org/@types/yargs-parser/-/yargs-parser-15.0.0.tgz",
      "integrity": "sha512-FA/BWv8t8ZWJ+gEOnLLd8ygxH/2UFbAvgEonyfN6yWGLKc7zVjbpl2Y4CTjid9h2RfgPP6SEt6uHwEOply00yw==",
      "dev": true
    },
    "ansi-regex": {
      "version": "5.0.0",
      "resolved": "https://registry.npmjs.org/ansi-regex/-/ansi-regex-5.0.0.tgz",
      "integrity": "sha512-bY6fj56OUQ0hU1KjFNDQuJFezqKdrAyFdIevADiqrWHwSlbmBNMHp5ak2f40Pm8JTFyM2mqxkG6ngkHO11f/lg==",
      "dev": true
    },
    "ansi-styles": {
      "version": "4.3.0",
      "resolved": "https://registry.npmjs.org/ansi-styles/-/ansi-styles-4.3.0.tgz",
      "integrity": "sha512-zbB9rCJAT1rbjiVDb2hqKFHNYLxgtk8NURxZ3IZwD3F6NtxbXZQCnnSi1Lkx+IDohdPlFp222wVALIheZJQSEg==",
      "dev": true,
      "requires": {
        "color-convert": "^2.0.1"
      },
      "dependencies": {
        "color-convert": {
          "version": "2.0.1",
          "resolved": "https://registry.npmjs.org/color-convert/-/color-convert-2.0.1.tgz",
          "integrity": "sha512-RRECPsj7iu/xb5oKYcsFHSppFNnsj/52OVTRKb4zP5onXwVF3zVmmToNcOfGC+CRDpfK/U584fMg38ZHCaElKQ==",
          "dev": true,
          "requires": {
            "color-name": "~1.1.4"
          }
        }
      }
    },
    "axe-core": {
      "version": "4.0.2",
      "resolved": "https://registry.npmjs.org/axe-core/-/axe-core-4.0.2.tgz",
      "integrity": "sha512-arU1h31OGFu+LPrOLGZ7nB45v940NMDMEJeNmbutu57P+UFDVnkZg3e+J1I2HJRZ9hT7gO8J91dn/PMrAiKakA==",
      "dev": true
    },
    "color-name": {
      "version": "1.1.4",
      "resolved": "https://registry.npmjs.org/color-name/-/color-name-1.1.4.tgz",
      "integrity": "sha512-dOy+3AuW3a2wNbZHIuMZpTcgjGuLU/uBL/ubcZF9OXbDo8ff4O8yVp5Bf0efS8uEoYo5q4Fx7dY9OgQGXgAsQA==",
      "dev": true
    },
    "supports-color": {
      "version": "7.2.0",
      "resolved": "https://registry.npmjs.org/supports-color/-/supports-color-7.2.0.tgz",
      "integrity": "sha512-qpCAvRl9stuOHveKsn7HncJRvv501qIacKzQlO/+Lwxc9+0q2wLyv4Dfvt80/DPn2pqOBsJdDiogXGR9+OvwRw==",
      "dev": true,
      "requires": {
        "has-flag": "^4.0.0"
      },
      "dependencies": {
        "has-flag": {
          "version": "4.0.0",
          "resolved": "https://registry.npmjs.org/has-flag/-/has-flag-4.0.0.tgz",
          "integrity": "sha512-EykJT/Q1KjTWctppgIAgfSO0tKVuZUjhgMr17kqTumMl6Afv3EISleU7qZUzoXDFTAHTDC4NOoG/ZxU3EvlMPQ==",
          "dev": true
        }
      }
    }
  }
}
